// !$*UTF8*$!
{
	archiveVersion = 1;
	classes = {
	};
	objectVersion = 50;
	objects = {

/* Begin PBXBuildFile section */
		EBAAF3C32576762700919663 /* AppDelegate.swift in Sources */ = {isa = PBXBuildFile; fileRef = EBAAF3C22576762700919663 /* AppDelegate.swift */; };
		EBAAF3C52576762700919663 /* SceneDelegate.swift in Sources */ = {isa = PBXBuildFile; fileRef = EBAAF3C42576762700919663 /* SceneDelegate.swift */; };
		EBAAF3CA2576762700919663 /* Main.storyboard in Resources */ = {isa = PBXBuildFile; fileRef = EBAAF3C82576762700919663 /* Main.storyboard */; };
		EBAAF3CC2576762A00919663 /* Assets.xcassets in Resources */ = {isa = PBXBuildFile; fileRef = EBAAF3CB2576762A00919663 /* Assets.xcassets */; };
		EBAAF3CF2576762A00919663 /* LaunchScreen.storyboard in Resources */ = {isa = PBXBuildFile; fileRef = EBAAF3CD2576762A00919663 /* LaunchScreen.storyboard */; };
		EBAAF3D92576765E00919663 /* HomeViewController.swift in Sources */ = {isa = PBXBuildFile; fileRef = EBAAF3D82576765E00919663 /* HomeViewController.swift */; };
		EBF30D622577BF8C00D92B67 /* MusicData.swift in Sources */ = {isa = PBXBuildFile; fileRef = EBF30D612577BF8C00D92B67 /* MusicData.swift */; };
		EBF30D652577C42D00D92B67 /* Us小時.mp3 in Resources */ = {isa = PBXBuildFile; fileRef = EBF30D642577C42D00D92B67 /* Us小時.mp3 */; };
		EBF30D692577C55500D92B67 /* MusicViewController.swift in Sources */ = {isa = PBXBuildFile; fileRef = EBF30D682577C55500D92B67 /* MusicViewController.swift */; };
		EBF30D6C2577D2AA00D92B67 /* StarImageView.swift in Sources */ = {isa = PBXBuildFile; fileRef = EBF30D6B2577D2AA00D92B67 /* StarImageView.swift */; };
		EBF30D6F2577DD5C00D92B67 /* PlayerStatus.swift in Sources */ = {isa = PBXBuildFile; fileRef = EBF30D6E2577DD5C00D92B67 /* PlayerStatus.swift */; };
		EBF30D722577E35B00D92B67 /* TopTrendMusicView.swift in Sources */ = {isa = PBXBuildFile; fileRef = EBF30D712577E35B00D92B67 /* TopTrendMusicView.swift */; };
		EBF30D752579146100D92B67 /* SongView.swift in Sources */ = {isa = PBXBuildFile; fileRef = EBF30D742579146100D92B67 /* SongView.swift */; };
/* End PBXBuildFile section */

/* Begin PBXFileReference section */
		EBAAF3BF2576762700919663 /* music-player.app */ = {isa = PBXFileReference; explicitFileType = wrapper.application; includeInIndex = 0; path = "music-player.app"; sourceTree = BUILT_PRODUCTS_DIR; };
		EBAAF3C22576762700919663 /* AppDelegate.swift */ = {isa = PBXFileReference; lastKnownFileType = sourcecode.swift; path = AppDelegate.swift; sourceTree = "<group>"; };
		EBAAF3C42576762700919663 /* SceneDelegate.swift */ = {isa = PBXFileReference; lastKnownFileType = sourcecode.swift; path = SceneDelegate.swift; sourceTree = "<group>"; };
		EBAAF3C92576762700919663 /* Base */ = {isa = PBXFileReference; lastKnownFileType = file.storyboard; name = Base; path = Base.lproj/Main.storyboard; sourceTree = "<group>"; };
		EBAAF3CB2576762A00919663 /* Assets.xcassets */ = {isa = PBXFileReference; lastKnownFileType = folder.assetcatalog; path = Assets.xcassets; sourceTree = "<group>"; };
		EBAAF3CE2576762A00919663 /* Base */ = {isa = PBXFileReference; lastKnownFileType = file.storyboard; name = Base; path = Base.lproj/LaunchScreen.storyboard; sourceTree = "<group>"; };
		EBAAF3D02576762A00919663 /* Info.plist */ = {isa = PBXFileReference; lastKnownFileType = text.plist.xml; path = Info.plist; sourceTree = "<group>"; };
		EBAAF3D82576765E00919663 /* HomeViewController.swift */ = {isa = PBXFileReference; lastKnownFileType = sourcecode.swift; path = HomeViewController.swift; sourceTree = "<group>"; };
		EBF30D612577BF8C00D92B67 /* MusicData.swift */ = {isa = PBXFileReference; lastKnownFileType = sourcecode.swift; path = MusicData.swift; sourceTree = "<group>"; };
		EBF30D642577C42D00D92B67 /* Us小時.mp3 */ = {isa = PBXFileReference; lastKnownFileType = audio.mp3; path = "Us小時.mp3"; sourceTree = "<group>"; };
		EBF30D682577C55500D92B67 /* MusicViewController.swift */ = {isa = PBXFileReference; lastKnownFileType = sourcecode.swift; path = MusicViewController.swift; sourceTree = "<group>"; };
		EBF30D6B2577D2AA00D92B67 /* StarImageView.swift */ = {isa = PBXFileReference; lastKnownFileType = sourcecode.swift; path = StarImageView.swift; sourceTree = "<group>"; };
		EBF30D6E2577DD5C00D92B67 /* PlayerStatus.swift */ = {isa = PBXFileReference; lastKnownFileType = sourcecode.swift; path = PlayerStatus.swift; sourceTree = "<group>"; };
		EBF30D712577E35B00D92B67 /* TopTrendMusicView.swift */ = {isa = PBXFileReference; lastKnownFileType = sourcecode.swift; path = TopTrendMusicView.swift; sourceTree = "<group>"; };
		EBF30D742579146100D92B67 /* SongView.swift */ = {isa = PBXFileReference; lastKnownFileType = sourcecode.swift; path = SongView.swift; sourceTree = "<group>"; };
/* End PBXFileReference section */

/* Begin PBXFrameworksBuildPhase section */
		EBAAF3BC2576762700919663 /* Frameworks */ = {
			isa = PBXFrameworksBuildPhase;
			buildActionMask = 2147483647;
			files = (
			);
			runOnlyForDeploymentPostprocessing = 0;
		};
/* End PBXFrameworksBuildPhase section */

/* Begin PBXGroup section */
		EBAAF3B62576762700919663 = {
			isa = PBXGroup;
			children = (
				EBF30D6E2577DD5C00D92B67 /* PlayerStatus.swift */,
				EBAAF3C12576762700919663 /* music-player */,
				EBAAF3C02576762700919663 /* Products */,
			);
			sourceTree = "<group>";
		};
		EBAAF3C02576762700919663 /* Products */ = {
			isa = PBXGroup;
			children = (
				EBAAF3BF2576762700919663 /* music-player.app */,
			);
			name = Products;
			sourceTree = "<group>";
		};
		EBAAF3C12576762700919663 /* music-player */ = {
			isa = PBXGroup;
			children = (
				EBF30D742579146100D92B67 /* SongView.swift */,
				EBAAF3C22576762700919663 /* AppDelegate.swift */,
				EBAAF3C42576762700919663 /* SceneDelegate.swift */,
				EBAAF3C82576762700919663 /* Main.storyboard */,
				EBF30D712577E35B00D92B67 /* TopTrendMusicView.swift */,
				EBF30D6B2577D2AA00D92B67 /* StarImageView.swift */,
				EBF30D682577C55500D92B67 /* MusicViewController.swift */,
				EBF30D612577BF8C00D92B67 /* MusicData.swift */,
				EBAAF3D82576765E00919663 /* HomeViewController.swift */,
				EBAAF3CB2576762A00919663 /* Assets.xcassets */,
				EBAAF3CD2576762A00919663 /* LaunchScreen.storyboard */,
				EBF30D642577C42D00D92B67 /* Us小時.mp3 */,
				EBAAF3D02576762A00919663 /* Info.plist */,
			);
			path = "music-player";
			sourceTree = "<group>";
		};
/* End PBXGroup section */

/* Begin PBXNativeTarget section */
		EBAAF3BE2576762700919663 /* music-player */ = {
			isa = PBXNativeTarget;
			buildConfigurationList = EBAAF3D32576762A00919663 /* Build configuration list for PBXNativeTarget "music-player" */;
			buildPhases = (
				EBAAF3BB2576762700919663 /* Sources */,
				EBAAF3BC2576762700919663 /* Frameworks */,
				EBAAF3BD2576762700919663 /* Resources */,
			);
			buildRules = (
			);
			dependencies = (
			);
			name = "music-player";
			productName = "music-player";
			productReference = EBAAF3BF2576762700919663 /* music-player.app */;
			productType = "com.apple.product-type.application";
		};
/* End PBXNativeTarget section */

/* Begin PBXProject section */
		EBAAF3B72576762700919663 /* Project object */ = {
			isa = PBXProject;
			attributes = {
				LastSwiftUpdateCheck = 1210;
				LastUpgradeCheck = 1210;
				TargetAttributes = {
					EBAAF3BE2576762700919663 = {
						CreatedOnToolsVersion = 12.1;
					};
				};
			};
			buildConfigurationList = EBAAF3BA2576762700919663 /* Build configuration list for PBXProject "music-player" */;
			compatibilityVersion = "Xcode 9.3";
			developmentRegion = en;
			hasScannedForEncodings = 0;
			knownRegions = (
				en,
				Base,
			);
			mainGroup = EBAAF3B62576762700919663;
			productRefGroup = EBAAF3C02576762700919663 /* Products */;
			projectDirPath = "";
			projectRoot = "";
			targets = (
				EBAAF3BE2576762700919663 /* music-player */,
			);
		};
/* End PBXProject section */

/* Begin PBXResourcesBuildPhase section */
		EBAAF3BD2576762700919663 /* Resources */ = {
			isa = PBXResourcesBuildPhase;
			buildActionMask = 2147483647;
			files = (
				EBF30D652577C42D00D92B67 /* Us小時.mp3 in Resources */,
				EBAAF3CF2576762A00919663 /* LaunchScreen.storyboard in Resources */,
				EBAAF3CC2576762A00919663 /* Assets.xcassets in Resources */,
				EBAAF3CA2576762700919663 /* Main.storyboard in Resources */,
			);
			runOnlyForDeploymentPostprocessing = 0;
		};
/* End PBXResourcesBuildPhase section */

/* Begin PBXSourcesBuildPhase section */
		EBAAF3BB2576762700919663 /* Sources */ = {
			isa = PBXSourcesBuildPhase;
			buildActionMask = 2147483647;
			files = (
				EBF30D6F2577DD5C00D92B67 /* PlayerStatus.swift in Sources */,
				EBF30D6C2577D2AA00D92B67 /* StarImageView.swift in Sources */,
				EBAAF3C32576762700919663 /* AppDelegate.swift in Sources */,
				EBF30D692577C55500D92B67 /* MusicViewController.swift in Sources */,
				EBF30D622577BF8C00D92B67 /* MusicData.swift in Sources */,
				EBAAF3C52576762700919663 /* SceneDelegate.swift in Sources */,
				EBF30D722577E35B00D92B67 /* TopTrendMusicView.swift in Sources */,
				EBF30D752579146100D92B67 /* SongView.swift in Sources */,
				EBAAF3D92576765E00919663 /* HomeViewController.swift in Sources */,
			);
			runOnlyForDeploymentPostprocessing = 0;
		};
/* End PBXSourcesBuildPhase section */

/* Begin PBXVariantGroup section */
		EBAAF3C82576762700919663 /* Main.storyboard */ = {
			isa = PBXVariantGroup;
			children = (
				EBAAF3C92576762700919663 /* Base */,
			);
			name = Main.storyboard;
			sourceTree = "<group>";
		};
		EBAAF3CD2576762A00919663 /* LaunchScreen.storyboard */ = {
			isa = PBXVariantGroup;
			children = (
				EBAAF3CE2576762A00919663 /* Base */,
			);
			name = LaunchScreen.storyboard;
			sourceTree = "<group>";
		};
/* End PBXVariantGroup section */

/* Begin XCBuildConfiguration section */
		EBAAF3D12576762A00919663 /* Debug */ = {
			isa = XCBuildConfiguration;
			buildSettings = {
				ALWAYS_SEARCH_USER_PATHS = NO;
				CLANG_ANALYZER_NONNULL = YES;
				CLANG_ANALYZER_NUMBER_OBJECT_CONVERSION = YES_AGGRESSIVE;
				CLANG_CXX_LANGUAGE_STANDARD = "gnu++14";
				CLANG_CXX_LIBRARY = "libc++";
				CLANG_ENABLE_MODULES = YES;
				CLANG_ENABLE_OBJC_ARC = YES;
				CLANG_ENABLE_OBJC_WEAK = YES;
				CLANG_WARN_BLOCK_CAPTURE_AUTORELEASING = YES;
				CLANG_WARN_BOOL_CONVERSION = YES;
				CLANG_WARN_COMMA = YES;
				CLANG_WARN_CONSTANT_CONVERSION = YES;
				CLANG_WARN_DEPRECATED_OBJC_IMPLEMENTATIONS = YES;
				CLANG_WARN_DIRECT_OBJC_ISA_USAGE = YES_ERROR;
				CLANG_WARN_DOCUMENTATION_COMMENTS = YES;
				CLANG_WARN_EMPTY_BODY = YES;
				CLANG_WARN_ENUM_CONVERSION = YES;
				CLANG_WARN_INFINITE_RECURSION = YES;
				CLANG_WARN_INT_CONVERSION = YES;
				CLANG_WARN_NON_LITERAL_NULL_CONVERSION = YES;
				CLANG_WARN_OBJC_IMPLICIT_RETAIN_SELF = YES;
				CLANG_WARN_OBJC_LITERAL_CONVERSION = YES;
				CLANG_WARN_OBJC_ROOT_CLASS = YES_ERROR;
				CLANG_WARN_QUOTED_INCLUDE_IN_FRAMEWORK_HEADER = YES;
				CLANG_WARN_RANGE_LOOP_ANALYSIS = YES;
				CLANG_WARN_STRICT_PROTOTYPES = YES;
				CLANG_WARN_SUSPICIOUS_MOVE = YES;
				CLANG_WARN_UNGUARDED_AVAILABILITY = YES_AGGRESSIVE;
				CLANG_WARN_UNREACHABLE_CODE = YES;
				CLANG_WARN__DUPLICATE_METHOD_MATCH = YES;
				COPY_PHASE_STRIP = NO;
				DEBUG_INFORMATION_FORMAT = dwarf;
				ENABLE_STRICT_OBJC_MSGSEND = YES;
				ENABLE_TESTABILITY = YES;
				GCC_C_LANGUAGE_STANDARD = gnu11;
				GCC_DYNAMIC_NO_PIC = NO;
				GCC_NO_COMMON_BLOCKS = YES;
				GCC_OPTIMIZATION_LEVEL = 0;
				GCC_PREPROCESSOR_DEFINITIONS = (
					"DEBUG=1",
					"$(inherited)",
				);
				GCC_WARN_64_TO_32_BIT_CONVERSION = YES;
				GCC_WARN_ABOUT_RETURN_TYPE = YES_ERROR;
				GCC_WARN_UNDECLARED_SELECTOR = YES;
				GCC_WARN_UNINITIALIZED_AUTOS = YES_AGGRESSIVE;
				GCC_WARN_UNUSED_FUNCTION = YES;
				GCC_WARN_UNUSED_VARIABLE = YES;
				IPHONEOS_DEPLOYMENT_TARGET = 14.1;
				MTL_ENABLE_DEBUG_INFO = INCLUDE_SOURCE;
				MTL_FAST_MATH = YES;
				ONLY_ACTIVE_ARCH = YES;
				SDKROOT = iphoneos;
				SWIFT_ACTIVE_COMPILATION_CONDITIONS = DEBUG;
				SWIFT_OPTIMIZATION_LEVEL = "-Onone";
			};
			name = Debug;
		};
		EBAAF3D22576762A00919663 /* Release */ = {
			isa = XCBuildConfiguration;
			buildSettings = {
				ALWAYS_SEARCH_USER_PATHS = NO;
				CLANG_ANALYZER_NONNULL = YES;
				CLANG_ANALYZER_NUMBER_OBJECT_CONVERSION = YES_AGGRESSIVE;
				CLANG_CXX_LANGUAGE_STANDARD = "gnu++14";
				CLANG_CXX_LIBRARY = "libc++";
				CLANG_ENABLE_MODULES = YES;
				CLANG_ENABLE_OBJC_ARC = YES;
				CLANG_ENABLE_OBJC_WEAK = YES;
				CLANG_WARN_BLOCK_CAPTURE_AUTORELEASING = YES;
				CLANG_WARN_BOOL_CONVERSION = YES;
				CLANG_WARN_COMMA = YES;
				CLANG_WARN_CONSTANT_CONVERSION = YES;
				CLANG_WARN_DEPRECATED_OBJC_IMPLEMENTATIONS = YES;
				CLANG_WARN_DIRECT_OBJC_ISA_USAGE = YES_ERROR;
				CLANG_WARN_DOCUMENTATION_COMMENTS = YES;
				CLANG_WARN_EMPTY_BODY = YES;
				CLANG_WARN_ENUM_CONVERSION = YES;
				CLANG_WARN_INFINITE_RECURSION = YES;
				CLANG_WARN_INT_CONVERSION = YES;
				CLANG_WARN_NON_LITERAL_NULL_CONVERSION = YES;
				CLANG_WARN_OBJC_IMPLICIT_RETAIN_SELF = YES;
				CLANG_WARN_OBJC_LITERAL_CONVERSION = YES;
				CLANG_WARN_OBJC_ROOT_CLASS = YES_ERROR;
				CLANG_WARN_QUOTED_INCLUDE_IN_FRAMEWORK_HEADER = YES;
				CLANG_WARN_RANGE_LOOP_ANALYSIS = YES;
				CLANG_WARN_STRICT_PROTOTYPES = YES;
				CLANG_WARN_SUSPICIOUS_MOVE = YES;
				CLANG_WARN_UNGUARDED_AVAILABILITY = YES_AGGRESSIVE;
				CLANG_WARN_UNREACHABLE_CODE = YES;
				CLANG_WARN__DUPLICATE_METHOD_MATCH = YES;
				COPY_PHASE_STRIP = NO;
				DEBUG_INFORMATION_FORMAT = "dwarf-with-dsym";
				ENABLE_NS_ASSERTIONS = NO;
				ENABLE_STRICT_OBJC_MSGSEND = YES;
				GCC_C_LANGUAGE_STANDARD = gnu11;
				GCC_NO_COMMON_BLOCKS = YES;
				GCC_WARN_64_TO_32_BIT_CONVERSION = YES;
				GCC_WARN_ABOUT_RETURN_TYPE = YES_ERROR;
				GCC_WARN_UNDECLARED_SELECTOR = YES;
				GCC_WARN_UNINITIALIZED_AUTOS = YES_AGGRESSIVE;
				GCC_WARN_UNUSED_FUNCTION = YES;
				GCC_WARN_UNUSED_VARIABLE = YES;
				IPHONEOS_DEPLOYMENT_TARGET = 14.1;
				MTL_ENABLE_DEBUG_INFO = NO;
				MTL_FAST_MATH = YES;
				SDKROOT = iphoneos;
				SWIFT_COMPILATION_MODE = wholemodule;
				SWIFT_OPTIMIZATION_LEVEL = "-O";
				VALIDATE_PRODUCT = YES;
			};
			name = Release;
		};
		EBAAF3D42576762A00919663 /* Debug */ = {
			isa = XCBuildConfiguration;
			buildSettings = {
				ASSETCATALOG_COMPILER_APPICON_NAME = AppIcon;
				ASSETCATALOG_COMPILER_GLOBAL_ACCENT_COLOR_NAME = AccentColor;
				CODE_SIGN_STYLE = Automatic;
				INFOPLIST_FILE = "music-player/Info.plist";
				LD_RUNPATH_SEARCH_PATHS = (
					"$(inherited)",
					"@executable_path/Frameworks",
				);
				PRODUCT_BUNDLE_IDENTIFIER = "com.leokuo0724.music-player";
				PRODUCT_NAME = "$(TARGET_NAME)";
				SWIFT_VERSION = 5.0;
				TARGETED_DEVICE_FAMILY = "1,2";
			};
			name = Debug;
		};
		EBAAF3D52576762A00919663 /* Release */ = {
			isa = XCBuildConfiguration;
			buildSettings = {
				ASSETCATALOG_COMPILER_APPICON_NAME = AppIcon;
				ASSETCATALOG_COMPILER_GLOBAL_ACCENT_COLOR_NAME = AccentColor;
				CODE_SIGN_STYLE = Automatic;
				INFOPLIST_FILE = "music-player/Info.plist";
				LD_RUNPATH_SEARCH_PATHS = (
					"$(inherited)",
					"@executable_path/Frameworks",
				);
				PRODUCT_BUNDLE_IDENTIFIER = "com.leokuo0724.music-player";
				PRODUCT_NAME = "$(TARGET_NAME)";
				SWIFT_VERSION = 5.0;
				TARGETED_DEVICE_FAMILY = "1,2";
			};
			name = Release;
		};
/* End XCBuildConfiguration section */

/* Begin XCConfigurationList section */
		EBAAF3BA2576762700919663 /* Build configuration list for PBXProject "music-player" */ = {
			isa = XCConfigurationList;
			buildConfigurations = (
				EBAAF3D12576762A00919663 /* Debug */,
				EBAAF3D22576762A00919663 /* Release */,
			);
			defaultConfigurationIsVisible = 0;
			defaultConfigurationName = Release;
		};
		EBAAF3D32576762A00919663 /* Build configuration list for PBXNativeTarget "music-player" */ = {
			isa = XCConfigurationList;
			buildConfigurations = (
				EBAAF3D42576762A00919663 /* Debug */,
				EBAAF3D52576762A00919663 /* Release */,
			);
			defaultConfigurationIsVisible = 0;
			defaultConfigurationName = Release;
		};
/* End XCConfigurationList section */
	};
	rootObject = EBAAF3B72576762700919663 /* Project object */;
}
